# This file is automatically @generated by Cargo.
# It is not intended for manual editing.
version = 3

[[package]]
name = "bitflags"
version = "1.3.2"
source = "registry+https://github.com/rust-lang/crates.io-index"
checksum = "bef38d45163c2f1dde094a7dfd33ccf595c92905c8f8f4fdc18d06fb1037718a"

[[package]]
name = "csound"
version = "0.1.8"
source = "registry+https://github.com/rust-lang/crates.io-index"
checksum = "8d49045d7365f5c2cadb1f20932189a0da101ac86c8dbe891975814b2348d57d"
dependencies = [
 "bitflags",
 "csound-sys",
 "libc",
 "va_list",
]

[[package]]
name = "csound-sys"
version = "0.1.2"
source = "registry+https://github.com/rust-lang/crates.io-index"
checksum = "86b11869eaed111b64d29e66cc5c7de9f172d5b623b716eb74c5dd841dbcfe39"
dependencies = [
 "libc",
 "va_list",
]

[[package]]
name = "libc"
version = "0.2.139"
source = "registry+https://github.com/rust-lang/crates.io-index"
checksum = "201de327520df007757c1f0adce6e827fe8562fbc28bfd9c15571c66ca1f5f79"

[[package]]
name = "rust-music"
version = "0.1.0"
dependencies = [
 "csound",
]

[[package]]
name = "va_list"
version = "0.1.4"
source = "registry+https://github.com/rust-lang/crates.io-index"
checksum = "350bd5ef744f978a387cd08ce514be4e3766746496f355d59d68af36f52d36da"
